{
  "lockfile-version": 1,
  "manifest": {
    "schema-version": "1.10.0",
    "install": {
      "go": {
        "pkg-path": "go",
        "version": "^1.20"
      },
      "golangci-lint": {
        "pkg-path": "golangci-lint"
      },
      "grafana": {
        "pkg-path": "grafana"
      },
      "influxdb": {
        "pkg-path": "influxdb2"
      },
      "influxdb-cli": {
        "pkg-path": "influxdb2-cli"
      },
      "nodejs": {
        "pkg-path": "nodejs"
      },
      "protobuf": {
        "pkg-path": "protobuf"
      },
      "protoc-gen-go": {
        "pkg-path": "protoc-gen-go"
      },
      "python3": {
        "pkg-path": "python3"
      }
    },
    "hook": {
      "on-activate": "  # Autogenerated by Flox\n\n  # Install nodejs dependencies\n  npm install\n\n  # Install frontend dependencies\n  (cd houston && npm install)\n\n  # Point GOENV to Flox environment cache\n  export GOENV=\"$FLOX_ENV_CACHE/goenv\"\n  \n  # Install Go dependencies\n  go mod download\n\n  # Setup Python venv and install dependencies\n  if [ ! -d \".venv\" ]; then\n    python3 -m venv .venv\n  fi\n  source .venv/bin/activate\n  pip install --upgrade pip\n  pip install future MAVProxy gnureadline\n"
    },
    "profile": {},
    "options": {},
    "services": {
      "gcs": {
        "command": "./scripts/flox-services/gcs.sh"
      },
      "grafana": {
        "command": "./scripts/flox-services/grafana.sh"
      },
      "influxdb": {
        "command": "./scripts/flox-services/influxdb.sh"
      },
      "mavproxy": {
        "command": "./scripts/flox-services/mavproxy.sh"
      }
    }
  },
  "packages": [
    {
      "attr_path": "go",
      "broken": false,
      "derivation": "/nix/store/lpl3ynayhbwbzg5wj2d4dpw2mc1czmdd-go-1.25.7.drv",
      "description": "Go Programming language",
      "install_id": "go",
      "license": "BSD-3-Clause",
      "locked_url": "https://github.com/flox/nixpkgs?rev=9dcb002ca1690658be4a04645215baea8b95f31d",
      "name": "go-1.25.7",
      "pname": "go",
      "rev": "9dcb002ca1690658be4a04645215baea8b95f31d",
      "rev_count": 960399,
      "rev_date": "2026-03-08T09:52:19Z",
      "scrape_date": "2026-03-10T04:46:38.203858Z",
      "stabilities": [
        "unstable"
      ],
      "unfree": false,
      "version": "1.25.7",
      "outputs_to_install": [
        "out"
      ],
      "outputs": {
        "out": "/nix/store/hj3rkkp4azj65qvalnbl6ax0sgrfgmgh-go-1.25.7"
      },
      "system": "aarch64-darwin",
      "group": "toplevel",
      "priority": 5
    },
    {
      "attr_path": "go",
      "broken": false,
      "derivation": "/nix/store/rygzd1f3h7cza5p7y0ja3nzcyyx4h7zx-go-1.25.7.drv",
      "description": "Go Programming language",
      "install_id": "go",
      "license": "BSD-3-Clause",
      "locked_url": "https://github.com/flox/nixpkgs?rev=9dcb002ca1690658be4a04645215baea8b95f31d",
      "name": "go-1.25.7",
      "pname": "go",
      "rev": "9dcb002ca1690658be4a04645215baea8b95f31d",
      "rev_count": 960399,
      "rev_date": "2026-03-08T09:52:19Z",
      "scrape_date": "2026-03-10T05:23:02.389748Z",
      "stabilities": [
        "unstable"
      ],
      "unfree": false,
      "version": "1.25.7",
      "outputs_to_install": [
        "out"
      ],
      "outputs": {
        "out": "/nix/store/2i6kcj0f0xirrblpl43k2yr673bhf2c5-go-1.25.7"
      },
      "system": "aarch64-linux",
      "group": "toplevel",
      "priority": 5
    },
    {
      "attr_path": "go",
      "broken": false,
      "derivation": "/nix/store/xcp6a3i1vawrpk4ivvknig702ii0w78a-go-1.25.7.drv",
      "description": "Go Programming language",
      "install_id": "go",
      "license": "BSD-3-Clause",
      "locked_url": "https://github.com/flox/nixpkgs?rev=9dcb002ca1690658be4a04645215baea8b95f31d",
      "name": "go-1.25.7",
      "pname": "go",
      "rev": "9dcb002ca1690658be4a04645215baea8b95f31d",
      "rev_count": 960399,
      "rev_date": "2026-03-08T09:52:19Z",
      "scrape_date": "2026-03-10T06:03:52.564239Z",
      "stabilities": [
        "unstable"
      ],
      "unfree": false,
      "version": "1.25.7",
      "outputs_to_install": [
        "out"
      ],
      "outputs": {
        "out": "/nix/store/8yk4r9kmb00ra1r22cxvdwghr8v987nf-go-1.25.7"
      },
      "system": "x86_64-darwin",
      "group": "toplevel",
      "priority": 5
    },
    {
      "attr_path": "go",
      "broken": false,
      "derivation": "/nix/store/fq8965avl2cbgcx0ni9xp7ixh8b8k2ki-go-1.25.7.drv",
      "description": "Go Programming language",
      "install_id": "go",
      "license": "BSD-3-Clause",
      "locked_url": "https://github.com/flox/nixpkgs?rev=9dcb002ca1690658be4a04645215baea8b95f31d",
      "name": "go-1.25.7",
      "pname": "go",
      "rev": "9dcb002ca1690658be4a04645215baea8b95f31d",
      "rev_count": 960399,
      "rev_date": "2026-03-08T09:52:19Z",
      "scrape_date": "2026-03-10T06:47:07.634722Z",
      "stabilities": [
        "unstable"
      ],
      "unfree": false,
      "version": "1.25.7",
      "outputs_to_install": [
        "out",
        "out"
      ],
      "outputs": {
        "out": "/nix/store/pz4pxhmlqd3q72crp2sx90k85gf2rqyp-go-1.25.7"
      },
      "system": "x86_64-linux",
      "group": "toplevel",
      "priority": 5
    },
    {
      "attr_path": "golangci-lint",
      "broken": false,
      "derivation": "/nix/store/mwsqqni7j2fpkzi72y964d7wk5xrcs7a-golangci-lint-2.11.0.drv",
      "description": "Fast linters Runner for Go",
      "install_id": "golangci-lint",
      "license": "GPL-3.0-or-later",
      "locked_url": "https://github.com/flox/nixpkgs?rev=9dcb002ca1690658be4a04645215baea8b95f31d",
      "name": "golangci-lint-2.11.0",
      "pname": "golangci-lint",
      "rev": "9dcb002ca1690658be4a04645215baea8b95f31d",
      "rev_count": 960399,
      "rev_date": "2026-03-08T09:52:19Z",
      "scrape_date": "2026-03-10T04:46:38.264706Z",
      "stabilities": [
        "unstable"
      ],
      "unfree": false,
      "version": "2.11.0",
      "outputs_to_install": [
        "out"
      ],
      "outputs": {
        "out": "/nix/store/2kwyn9j1d4hnj55clp4xqa0yvs2qmn86-golangci-lint-2.11.0"
      },
      "system": "aarch64-darwin",
      "group": "toplevel",
      "priority": 5
    },
    {
      "attr_path": "golangci-lint",
      "broken": false,
      "derivation": "/nix/store/apxv3kk4in18pkyfxyb02wvw7xv86ibg-golangci-lint-2.11.0.drv",
      "description": "Fast linters Runner for Go",
      "install_id": "golangci-lint",
      "license": "GPL-3.0-or-later",
      "locked_url": "https://github.com/flox/nixpkgs?rev=9dcb002ca1690658be4a04645215baea8b95f31d",
      "name": "golangci-lint-2.11.0",
      "pname": "golangci-lint",
      "rev": "9dcb002ca1690658be4a04645215baea8b95f31d",
      "rev_count": 960399,
      "rev_date": "2026-03-08T09:52:19Z",
      "scrape_date": "2026-03-10T05:23:02.491524Z",
      "stabilities": [
        "unstable"
      ],
      "unfree": false,
      "version": "2.11.0",
      "outputs_to_install": [
        "out"
      ],
      "outputs": {
        "out": "/nix/store/8jgrrw39k6x57ha8q9hg68znh6vqb33m-golangci-lint-2.11.0"
      },
      "system": "aarch64-linux",
      "group": "toplevel",
      "priority": 5
    },
    {
      "attr_path": "golangci-lint",
      "broken": false,
      "derivation": "/nix/store/66qszy7bdy27dk9fv1fh72qsw89z54ym-golangci-lint-2.11.0.drv",
      "description": "Fast linters Runner for Go",
      "install_id": "golangci-lint",
      "license": "GPL-3.0-or-later",
      "locked_url": "https://github.com/flox/nixpkgs?rev=9dcb002ca1690658be4a04645215baea8b95f31d",
      "name": "golangci-lint-2.11.0",
      "pname": "golangci-lint",
      "rev": "9dcb002ca1690658be4a04645215baea8b95f31d",
      "rev_count": 960399,
      "rev_date": "2026-03-08T09:52:19Z",
      "scrape_date": "2026-03-10T06:03:52.624635Z",
      "stabilities": [
        "unstable"
      ],
      "unfree": false,
      "version": "2.11.0",
      "outputs_to_install": [
        "out"
      ],
      "outputs": {
        "out": "/nix/store/08d249n2hlmfh5fvvysx90hmjwqyjl2i-golangci-lint-2.11.0"
      },
      "system": "x86_64-darwin",
      "group": "toplevel",
      "priority": 5
    },
    {
      "attr_path": "golangci-lint",
      "broken": false,
      "derivation": "/nix/store/zn2vwym35y76hc92x156jakb111grfkp-golangci-lint-2.11.0.drv",
      "description": "Fast linters Runner for Go",
      "install_id": "golangci-lint",
      "license": "GPL-3.0-or-later",
      "locked_url": "https://github.com/flox/nixpkgs?rev=9dcb002ca1690658be4a04645215baea8b95f31d",
      "name": "golangci-lint-2.11.0",
      "pname": "golangci-lint",
      "rev": "9dcb002ca1690658be4a04645215baea8b95f31d",
      "rev_count": 960399,
      "rev_date": "2026-03-08T09:52:19Z",
      "scrape_date": "2026-03-10T06:47:07.734587Z",
      "stabilities": [
        "unstable"
      ],
      "unfree": false,
      "version": "2.11.0",
      "outputs_to_install": [
        "out"
      ],
      "outputs": {
        "out": "/nix/store/7vnd49xzb84ghk9p7vzqaqyqmy6bqd90-golangci-lint-2.11.0"
      },
      "system": "x86_64-linux",
      "group": "toplevel",
      "priority": 5
    },
    {
      "attr_path": "grafana",
      "broken": false,
      "derivation": "/nix/store/1pq8dm70qx7hn62m4cg90k933q4ndn9c-grafana-12.4.0.drv",
      "description": "Gorgeous metric viz, dashboards & editors for Graphite, InfluxDB & OpenTSDB",
      "install_id": "grafana",
      "license": "AGPL-3.0-only",
      "locked_url": "https://github.com/flox/nixpkgs?rev=9dcb002ca1690658be4a04645215baea8b95f31d",
      "name": "grafana-12.4.0",
      "pname": "grafana",
      "rev": "9dcb002ca1690658be4a04645215baea8b95f31d",
      "rev_count": 960399,
      "rev_date": "2026-03-08T09:52:19Z",
      "scrape_date": "2026-03-10T04:46:38.329434Z",
      "stabilities": [
        "unstable"
      ],
      "unfree": false,
      "version": "12.4.0",
      "outputs_to_install": [
        "out"
      ],
      "outputs": {
        "out": "/nix/store/52ryny3djggnpaxl4px6vxb69pjg4rqk-grafana-12.4.0"
      },
      "system": "aarch64-darwin",
      "group": "toplevel",
      "priority": 5
    },
    {
      "attr_path": "grafana",
      "broken": false,
      "derivation": "/nix/store/0vla95lgf6sxb3i9sfs7pi848qmam011-grafana-12.4.0.drv",
      "description": "Gorgeous metric viz, dashboards & editors for Graphite, InfluxDB & OpenTSDB",
      "install_id": "grafana",
      "license": "AGPL-3.0-only",
      "locked_url": "https://github.com/flox/nixpkgs?rev=9dcb002ca1690658be4a04645215baea8b95f31d",
      "name": "grafana-12.4.0",
      "pname": "grafana",
      "rev": "9dcb002ca1690658be4a04645215baea8b95f31d",
      "rev_count": 960399,
      "rev_date": "2026-03-08T09:52:19Z",
      "scrape_date": "2026-03-10T05:23:02.607740Z",
      "stabilities": [
        "unstable"
      ],
      "unfree": false,
      "version": "12.4.0",
      "outputs_to_install": [
        "out"
      ],
      "outputs": {
        "out": "/nix/store/c2vjjhynx9jn58vavn3888i72lb4qmr8-grafana-12.4.0"
      },
      "system": "aarch64-linux",
      "group": "toplevel",
      "priority": 5
    },
    {
      "attr_path": "grafana",
      "broken": false,
      "derivation": "/nix/store/9px9f3vz5gds3affv2mbfqjci4w130lr-grafana-12.4.0.drv",
      "description": "Gorgeous metric viz, dashboards & editors for Graphite, InfluxDB & OpenTSDB",
      "install_id": "grafana",
      "license": "AGPL-3.0-only",
      "locked_url": "https://github.com/flox/nixpkgs?rev=9dcb002ca1690658be4a04645215baea8b95f31d",
      "name": "grafana-12.4.0",
      "pname": "grafana",
      "rev": "9dcb002ca1690658be4a04645215baea8b95f31d",
      "rev_count": 960399,
      "rev_date": "2026-03-08T09:52:19Z",
      "scrape_date": "2026-03-10T06:03:52.693155Z",
      "stabilities": [
        "unstable"
      ],
      "unfree": false,
      "version": "12.4.0",
      "outputs_to_install": [
        "out"
      ],
      "outputs": {
        "out": "/nix/store/acrc85320nsn5xqklc4s9d55g5apprh5-grafana-12.4.0"
      },
      "system": "x86_64-darwin",
      "group": "toplevel",
      "priority": 5
    },
    {
      "attr_path": "grafana",
      "broken": false,
      "derivation": "/nix/store/gdgfbgpv3v3wa92sygaz5ymbd6yic8y1-grafana-12.4.0.drv",
      "description": "Gorgeous metric viz, dashboards & editors for Graphite, InfluxDB & OpenTSDB",
      "install_id": "grafana",
      "license": "AGPL-3.0-only",
      "locked_url": "https://github.com/flox/nixpkgs?rev=9dcb002ca1690658be4a04645215baea8b95f31d",
      "name": "grafana-12.4.0",
      "pname": "grafana",
      "rev": "9dcb002ca1690658be4a04645215baea8b95f31d",
      "rev_count": 960399,
      "rev_date": "2026-03-08T09:52:19Z",
      "scrape_date": "2026-03-10T06:47:07.855397Z",
      "stabilities": [
        "unstable"
      ],
      "unfree": false,
      "version": "12.4.0",
      "outputs_to_install": [
        "out"
      ],
      "outputs": {
        "out": "/nix/store/cp4gn0acnppdmpgiy6rqxmkrpk67jp7n-grafana-12.4.0"
      },
      "system": "x86_64-linux",
      "group": "toplevel",
      "priority": 5
    },
    {
      "attr_path": "influxdb2",
      "broken": false,
      "derivation": "/nix/store/ni1aaf95r1im0vgrlqrmi6yay1c7cbk6-influxdb2.drv",
      "install_id": "influxdb",
      "locked_url": "https://github.com/flox/nixpkgs?rev=9dcb002ca1690658be4a04645215baea8b95f31d",
      "name": "influxdb2",
      "pname": "influxdb2",
      "rev": "9dcb002ca1690658be4a04645215baea8b95f31d",
      "rev_count": 960399,
      "rev_date": "2026-03-08T09:52:19Z",
      "scrape_date": "2026-03-10T04:46:52.765342Z",
      "stabilities": [
        "unstable"
      ],
      "unfree": false,
      "version": "influxdb2",
      "outputs_to_install": [
        "out"
      ],
      "outputs": {
        "out": "/nix/store/lw95gxhar2l494sy5vmaqz3scmw7g91i-influxdb2"
      },
      "system": "aarch64-darwin",
      "group": "toplevel",
      "priority": 5
    },
    {
      "attr_path": "influxdb2",
      "broken": false,
      "derivation": "/nix/store/bpbchsb8xjaax5cigi1akaw94nr9mipa-influxdb2.drv",
      "install_id": "influxdb",
      "locked_url": "https://github.com/flox/nixpkgs?rev=9dcb002ca1690658be4a04645215baea8b95f31d",
      "name": "influxdb2",
      "pname": "influxdb2",
      "rev": "9dcb002ca1690658be4a04645215baea8b95f31d",
      "rev_count": 960399,
      "rev_date": "2026-03-08T09:52:19Z",
      "scrape_date": "2026-03-10T05:23:20.690294Z",
      "stabilities": [
        "unstable"
      ],
      "unfree": false,
      "version": "influxdb2",
      "outputs_to_install": [
        "out"
      ],
      "outputs": {
        "out": "/nix/store/8zwpvk41ribb8rzykqzsd3pg0711pc4i-influxdb2"
      },
      "system": "aarch64-linux",
      "group": "toplevel",
      "priority": 5
    },
    {
      "attr_path": "influxdb2",
      "broken": false,
      "derivation": "/nix/store/8x2hixzy1m61cfrckaxhjwzlf9gqsfwj-influxdb2.drv",
      "install_id": "influxdb",
      "locked_url": "https://github.com/flox/nixpkgs?rev=9dcb002ca1690658be4a04645215baea8b95f31d",
      "name": "influxdb2",
      "pname": "influxdb2",
      "rev": "9dcb002ca1690658be4a04645215baea8b95f31d",
      "rev_count": 960399,
      "rev_date": "2026-03-08T09:52:19Z",
      "scrape_date": "2026-03-10T06:04:07.534543Z",
      "stabilities": [
        "unstable"
      ],
      "unfree": false,
      "version": "influxdb2",
      "outputs_to_install": [
        "out"
      ],
      "outputs": {
        "out": "/nix/store/cswfh1cpq6p90bhdizaa90fbi61245sl-influxdb2"
      },
      "system": "x86_64-darwin",
      "group": "toplevel",
      "priority": 5
    },
    {
      "attr_path": "influxdb2",
      "broken": false,
      "derivation": "/nix/store/byq1pr7yh3sfbb265s575mdqwwmmicwz-influxdb2.drv",
      "install_id": "influxdb",
      "locked_url": "https://github.com/flox/nixpkgs?rev=9dcb002ca1690658be4a04645215baea8b95f31d",
      "name": "influxdb2",
      "pname": "influxdb2",
      "rev": "9dcb002ca1690658be4a04645215baea8b95f31d",
      "rev_count": 960399,
      "rev_date": "2026-03-08T09:52:19Z",
      "scrape_date": "2026-03-10T06:47:26.789586Z",
      "stabilities": [
        "unstable"
      ],
      "unfree": false,
      "version": "influxdb2",
      "outputs_to_install": [
        "out"
      ],
      "outputs": {
        "out": "/nix/store/6aqc6nlk85lhds9vb21c24bmc2b0shgs-influxdb2"
      },
      "system": "x86_64-linux",
      "group": "toplevel",
      "priority": 5
    },
    {
      "attr_path": "influxdb2-cli",
      "broken": false,
      "derivation": "/nix/store/2a7pf0m91xvhxc7zgz6ap040qnyfnd6w-influx-cli-2.7.5.drv",
      "description": "CLI for managing resources in InfluxDB v2",
      "install_id": "influxdb-cli",
      "license": "MIT",
      "locked_url": "https://github.com/flox/nixpkgs?rev=9dcb002ca1690658be4a04645215baea8b95f31d",
      "name": "influx-cli-2.7.5",
      "pname": "influxdb2-cli",
      "rev": "9dcb002ca1690658be4a04645215baea8b95f31d",
      "rev_count": 960399,
      "rev_date": "2026-03-08T09:52:19Z",
      "scrape_date": "2026-03-10T04:46:52.766426Z",
      "stabilities": [
        "unstable"
      ],
      "unfree": false,
      "version": "2.7.5",
      "outputs_to_install": [
        "out"
      ],
      "outputs": {
        "out": "/nix/store/4dfvyzcvr46dy987mn0xwsymrmswdb2w-influx-cli-2.7.5"
      },
      "system": "aarch64-darwin",
      "group": "toplevel",
      "priority": 5
    },
    {
      "attr_path": "influxdb2-cli",
      "broken": false,
      "derivation": "/nix/store/znxiav71pxxs6ykzifwm6f8j2mv5d9gq-influx-cli-2.7.5.drv",
      "description": "CLI for managing resources in InfluxDB v2",
      "install_id": "influxdb-cli",
      "license": "MIT",
      "locked_url": "https://github.com/flox/nixpkgs?rev=9dcb002ca1690658be4a04645215baea8b95f31d",
      "name": "influx-cli-2.7.5",
      "pname": "influxdb2-cli",
      "rev": "9dcb002ca1690658be4a04645215baea8b95f31d",
      "rev_count": 960399,
      "rev_date": "2026-03-08T09:52:19Z",
      "scrape_date": "2026-03-10T05:23:20.691551Z",
      "stabilities": [
        "unstable"
      ],
      "unfree": false,
      "version": "2.7.5",
      "outputs_to_install": [
        "out"
      ],
      "outputs": {
        "out": "/nix/store/rbg4lby110mspwas9b0fz38jm63whmz7-influx-cli-2.7.5"
      },
      "system": "aarch64-linux",
      "group": "toplevel",
      "priority": 5
    },
    {
      "attr_path": "influxdb2-cli",
      "broken": false,
      "derivation": "/nix/store/zbvaa14sf11zlcmwmbflb9lz6iykdmxf-influx-cli-2.7.5.drv",
      "description": "CLI for managing resources in InfluxDB v2",
      "install_id": "influxdb-cli",
      "license": "MIT",
      "locked_url": "https://github.com/flox/nixpkgs?rev=9dcb002ca1690658be4a04645215baea8b95f31d",
      "name": "influx-cli-2.7.5",
      "pname": "influxdb2-cli",
      "rev": "9dcb002ca1690658be4a04645215baea8b95f31d",
      "rev_count": 960399,
      "rev_date": "2026-03-08T09:52:19Z",
      "scrape_date": "2026-03-10T06:04:07.535943Z",
      "stabilities": [
        "unstable"
      ],
      "unfree": false,
      "version": "2.7.5",
      "outputs_to_install": [
        "out"
      ],
      "outputs": {
        "out": "/nix/store/v4y3rrfhzn6lnzvj829ci6cpbhxyjsrd-influx-cli-2.7.5"
      },
      "system": "x86_64-darwin",
      "group": "toplevel",
      "priority": 5
    },
    {
      "attr_path": "influxdb2-cli",
      "broken": false,
      "derivation": "/nix/store/dy9ycikh1xav8mvaasqm2yiz0dxsaixp-influx-cli-2.7.5.drv",
      "description": "CLI for managing resources in InfluxDB v2",
      "install_id": "influxdb-cli",
      "license": "MIT",
      "locked_url": "https://github.com/flox/nixpkgs?rev=9dcb002ca1690658be4a04645215baea8b95f31d",
      "name": "influx-cli-2.7.5",
      "pname": "influxdb2-cli",
      "rev": "9dcb002ca1690658be4a04645215baea8b95f31d",
      "rev_count": 960399,
      "rev_date": "2026-03-08T09:52:19Z",
      "scrape_date": "2026-03-10T06:47:26.790914Z",
      "stabilities": [
        "unstable"
      ],
      "unfree": false,
      "version": "2.7.5",
      "outputs_to_install": [
        "out"
      ],
      "outputs": {
        "out": "/nix/store/3g53g6aia0qzya8rsrfbrfzvmvjcfxb9-influx-cli-2.7.5"
      },
      "system": "x86_64-linux",
      "group": "toplevel",
      "priority": 5
    },
    {
      "attr_path": "nodejs",
      "broken": false,
      "derivation": "/nix/store/15casabz8n6il3myv53c3gwmazcjwjxf-nodejs-24.13.0.drv",
      "description": "Event-driven I/O framework for the V8 JavaScript engine",
      "install_id": "nodejs",
      "license": "MIT",
      "locked_url": "https://github.com/flox/nixpkgs?rev=9dcb002ca1690658be4a04645215baea8b95f31d",
      "name": "nodejs-24.13.0",
      "pname": "nodejs",
      "rev": "9dcb002ca1690658be4a04645215baea8b95f31d",
      "rev_count": 960399,
      "rev_date": "2026-03-08T09:52:19Z",
      "scrape_date": "2026-03-10T04:47:01.039858Z",
      "stabilities": [
        "unstable"
      ],
      "unfree": false,
      "version": "24.13.0",
      "outputs_to_install": [
        "out",
        "out"
      ],
      "outputs": {
        "out": "/nix/store/cx0jd5mwhn7ihryyv0qp9d33f8s1iwb7-nodejs-24.13.0"
      },
      "system": "aarch64-darwin",
      "group": "toplevel",
      "priority": 5
    },
    {
      "attr_path": "nodejs",
      "broken": false,
      "derivation": "/nix/store/w9vyyxzm4d1y0y3qyazdcfnvp3yjx9rb-nodejs-24.13.0.drv",
      "description": "Event-driven I/O framework for the V8 JavaScript engine",
      "install_id": "nodejs",
      "license": "MIT",
      "locked_url": "https://github.com/flox/nixpkgs?rev=9dcb002ca1690658be4a04645215baea8b95f31d",
      "name": "nodejs-24.13.0",
      "pname": "nodejs",
      "rev": "9dcb002ca1690658be4a04645215baea8b95f31d",
      "rev_count": 960399,
      "rev_date": "2026-03-08T09:52:19Z",
      "scrape_date": "2026-03-10T05:23:38.373304Z",
      "stabilities": [
        "unstable"
      ],
      "unfree": false,
      "version": "24.13.0",
      "outputs_to_install": [
        "out"
      ],
      "outputs": {
        "out": "/nix/store/8dsjz52869ygjd6xdvibgk3ysl3fg6zp-nodejs-24.13.0"
      },
      "system": "aarch64-linux",
      "group": "toplevel",
      "priority": 5
    },
    {
      "attr_path": "nodejs",
      "broken": false,
      "derivation": "/nix/store/2g4jab428j25rirdw7k5j8hwwfxp5x9v-nodejs-24.13.0.drv",
      "description": "Event-driven I/O framework for the V8 JavaScript engine",
      "install_id": "nodejs",
      "license": "MIT",
      "locked_url": "https://github.com/flox/nixpkgs?rev=9dcb002ca1690658be4a04645215baea8b95f31d",
      "name": "nodejs-24.13.0",
      "pname": "nodejs",
      "rev": "9dcb002ca1690658be4a04645215baea8b95f31d",
      "rev_count": 960399,
      "rev_date": "2026-03-08T09:52:19Z",
      "scrape_date": "2026-03-10T06:04:16.048205Z",
      "stabilities": [
        "unstable"
      ],
      "unfree": false,
      "version": "24.13.0",
      "outputs_to_install": [
        "out"
      ],
      "outputs": {
        "out": "/nix/store/i9bak02hsrywwba0apxdn7ldvkf9jl6a-nodejs-24.13.0"
      },
      "system": "x86_64-darwin",
      "group": "toplevel",
      "priority": 5
    },
    {
      "attr_path": "nodejs",
      "broken": false,
      "derivation": "/nix/store/gr41mppcarfhwk10hv2g6rdmgr2yq3hz-nodejs-24.13.0.drv",
      "description": "Event-driven I/O framework for the V8 JavaScript engine",
      "install_id": "nodejs",
      "license": "MIT",
      "locked_url": "https://github.com/flox/nixpkgs?rev=9dcb002ca1690658be4a04645215baea8b95f31d",
      "name": "nodejs-24.13.0",
      "pname": "nodejs",
      "rev": "9dcb002ca1690658be4a04645215baea8b95f31d",
      "rev_count": 960399,
      "rev_date": "2026-03-08T09:52:19Z",
      "scrape_date": "2026-03-10T06:47:46.538112Z",
      "stabilities": [
        "unstable"
      ],
      "unfree": false,
      "version": "24.13.0",
      "outputs_to_install": [
        "out"
      ],
      "outputs": {
        "out": "/nix/store/sy0c7j0npsq33d9zhnnzvjnzc52f4y0p-nodejs-24.13.0"
      },
      "system": "x86_64-linux",
      "group": "toplevel",
      "priority": 5
    },
    {
      "attr_path": "protobuf",
      "broken": false,
      "derivation": "/nix/store/gvzdiljbj7lc4cymip0nyh0x57faka90-protobuf-33.5.drv",
      "description": "Google's data interchange format",
      "install_id": "protobuf",
      "license": "BSD-3-Clause",
      "locked_url": "https://github.com/flox/nixpkgs?rev=9dcb002ca1690658be4a04645215baea8b95f31d",
      "name": "protobuf-33.5",
      "pname": "protobuf",
      "rev": "9dcb002ca1690658be4a04645215baea8b95f31d",
      "rev_count": 960399,
      "rev_date": "2026-03-08T09:52:19Z",
      "scrape_date": "2026-03-10T04:47:16.417987Z",
      "stabilities": [
        "unstable"
      ],
      "unfree": false,
      "version": "33.5",
      "outputs_to_install": [
        "out"
      ],
      "outputs": {
        "out": "/nix/store/w7ixs70mwsbkr6h7x158s28wxj5ksqlz-protobuf-33.5"
      },
      "system": "aarch64-darwin",
      "group": "toplevel",
      "priority": 5
    },
    {
      "attr_path": "protobuf",
      "broken": false,
      "derivation": "/nix/store/mdrw1b350fra0c590qwgx2v3dh7kyqn5-protobuf-33.5.drv",
      "description": "Google's data interchange format",
      "install_id": "protobuf",
      "license": "BSD-3-Clause",
      "locked_url": "https://github.com/flox/nixpkgs?rev=9dcb002ca1690658be4a04645215baea8b95f31d",
      "name": "protobuf-33.5",
      "pname": "protobuf",
      "rev": "9dcb002ca1690658be4a04645215baea8b95f31d",
      "rev_count": 960399,
      "rev_date": "2026-03-08T09:52:19Z",
      "scrape_date": "2026-03-10T05:24:00.089816Z",
      "stabilities": [
        "unstable"
      ],
      "unfree": false,
      "version": "33.5",
      "outputs_to_install": [
        "out",
        "out"
      ],
      "outputs": {
        "debug": "/nix/store/d90d9v8m7d9ldz92ivhgq0wqqch2rxhr-protobuf-33.5-debug",
        "out": "/nix/store/600hwaz4l959b7lxzxd4hjyml9rzjkgb-protobuf-33.5"
      },
      "system": "aarch64-linux",
      "group": "toplevel",
      "priority": 5
    },
    {
      "attr_path": "protobuf",
      "broken": false,
      "derivation": "/nix/store/jkzpkhzklp279pzv2v09kzi1g3xh27fy-protobuf-33.5.drv",
      "description": "Google's data interchange format",
      "install_id": "protobuf",
      "license": "BSD-3-Clause",
      "locked_url": "https://github.com/flox/nixpkgs?rev=9dcb002ca1690658be4a04645215baea8b95f31d",
      "name": "protobuf-33.5",
      "pname": "protobuf",
      "rev": "9dcb002ca1690658be4a04645215baea8b95f31d",
      "rev_count": 960399,
      "rev_date": "2026-03-08T09:52:19Z",
      "scrape_date": "2026-03-10T06:04:30.871666Z",
      "stabilities": [
        "unstable"
      ],
      "unfree": false,
      "version": "33.5",
      "outputs_to_install": [
        "out"
      ],
      "outputs": {
        "out": "/nix/store/k3akiv87fwy0vp4i83yr24lg5j56ccgc-protobuf-33.5"
      },
      "system": "x86_64-darwin",
      "group": "toplevel",
      "priority": 5
    },
    {
      "attr_path": "protobuf",
      "broken": false,
      "derivation": "/nix/store/9s303qrdlwlha3a9058kg622wvi3rcsc-protobuf-33.5.drv",
      "description": "Google's data interchange format",
      "install_id": "protobuf",
      "license": "BSD-3-Clause",
      "locked_url": "https://github.com/flox/nixpkgs?rev=9dcb002ca1690658be4a04645215baea8b95f31d",
      "name": "protobuf-33.5",
      "pname": "protobuf",
      "rev": "9dcb002ca1690658be4a04645215baea8b95f31d",
      "rev_count": 960399,
      "rev_date": "2026-03-08T09:52:19Z",
      "scrape_date": "2026-03-10T06:48:09.123965Z",
      "stabilities": [
        "unstable"
      ],
      "unfree": false,
      "version": "33.5",
      "outputs_to_install": [
        "out",
        "out"
      ],
      "outputs": {
        "debug": "/nix/store/vappv4dq10ka28ypl2df8czfffmnmv35-protobuf-33.5-debug",
        "out": "/nix/store/8sbmq3x389mnh8kz3lp3m2r43p4xp33h-protobuf-33.5"
      },
      "system": "x86_64-linux",
      "group": "toplevel",
      "priority": 5
    },
    {
      "attr_path": "protoc-gen-go",
      "broken": false,
      "derivation": "/nix/store/ymw95s21c64f21qi5h36r5i7k89visja-protoc-gen-go-1.36.11.drv",
      "description": "Go support for Google's protocol buffers",
      "install_id": "protoc-gen-go",
      "license": "BSD-3-Clause",
      "locked_url": "https://github.com/flox/nixpkgs?rev=9dcb002ca1690658be4a04645215baea8b95f31d",
      "name": "protoc-gen-go-1.36.11",
      "pname": "protoc-gen-go",
      "rev": "9dcb002ca1690658be4a04645215baea8b95f31d",
      "rev_count": 960399,
      "rev_date": "2026-03-08T09:52:19Z",
      "scrape_date": "2026-03-10T04:47:16.449289Z",
      "stabilities": [
        "unstable"
      ],
      "unfree": false,
      "version": "1.36.11",
      "outputs_to_install": [
        "out"
      ],
      "outputs": {
        "out": "/nix/store/qr2pa9q8l4ba2r2zx1mbrwnkwi7ys9hz-protoc-gen-go-1.36.11"
      },
      "system": "aarch64-darwin",
      "group": "toplevel",
      "priority": 5
    },
    {
      "attr_path": "protoc-gen-go",
      "broken": false,
      "derivation": "/nix/store/qyqnb0s9g0hhc3vx943gr3xq9p2gmss7-protoc-gen-go-1.36.11.drv",
      "description": "Go support for Google's protocol buffers",
      "install_id": "protoc-gen-go",
      "license": "BSD-3-Clause",
      "locked_url": "https://github.com/flox/nixpkgs?rev=9dcb002ca1690658be4a04645215baea8b95f31d",
      "name": "protoc-gen-go-1.36.11",
      "pname": "protoc-gen-go",
      "rev": "9dcb002ca1690658be4a04645215baea8b95f31d",
      "rev_count": 960399,
      "rev_date": "2026-03-08T09:52:19Z",
      "scrape_date": "2026-03-10T05:24:00.131871Z",
      "stabilities": [
        "unstable"
      ],
      "unfree": false,
      "version": "1.36.11",
      "outputs_to_install": [
        "out"
      ],
      "outputs": {
        "out": "/nix/store/j8w3p4fp6w6pwipmcix5zfgcb6ma12sh-protoc-gen-go-1.36.11"
      },
      "system": "aarch64-linux",
      "group": "toplevel",
      "priority": 5
    },
    {
      "attr_path": "protoc-gen-go",
      "broken": false,
      "derivation": "/nix/store/na1rjwr8k906n6aq0ai8b8rwq3vv3f41-protoc-gen-go-1.36.11.drv",
      "description": "Go support for Google's protocol buffers",
      "install_id": "protoc-gen-go",
      "license": "BSD-3-Clause",
      "locked_url": "https://github.com/flox/nixpkgs?rev=9dcb002ca1690658be4a04645215baea8b95f31d",
      "name": "protoc-gen-go-1.36.11",
      "pname": "protoc-gen-go",
      "rev": "9dcb002ca1690658be4a04645215baea8b95f31d",
      "rev_count": 960399,
      "rev_date": "2026-03-08T09:52:19Z",
      "scrape_date": "2026-03-10T06:04:30.902669Z",
      "stabilities": [
        "unstable"
      ],
      "unfree": false,
      "version": "1.36.11",
      "outputs_to_install": [
        "out"
      ],
      "outputs": {
        "out": "/nix/store/bfx8sdzdrhnnq0n1ybgbhfwh6chfwjjl-protoc-gen-go-1.36.11"
      },
      "system": "x86_64-darwin",
      "group": "toplevel",
      "priority": 5
    },
    {
      "attr_path": "protoc-gen-go",
      "broken": false,
      "derivation": "/nix/store/2ixjvmnp8c92qpf5a9r9v05fky73sgmw-protoc-gen-go-1.36.11.drv",
      "description": "Go support for Google's protocol buffers",
      "install_id": "protoc-gen-go",
      "license": "BSD-3-Clause",
      "locked_url": "https://github.com/flox/nixpkgs?rev=9dcb002ca1690658be4a04645215baea8b95f31d",
      "name": "protoc-gen-go-1.36.11",
      "pname": "protoc-gen-go",
      "rev": "9dcb002ca1690658be4a04645215baea8b95f31d",
      "rev_count": 960399,
      "rev_date": "2026-03-08T09:52:19Z",
      "scrape_date": "2026-03-10T06:48:09.167285Z",
      "stabilities": [
        "unstable"
      ],
      "unfree": false,
      "version": "1.36.11",
      "outputs_to_install": [
        "out"
      ],
      "outputs": {
        "out": "/nix/store/0hmxk8gvmq5k8cixjap43sj633s6zlrq-protoc-gen-go-1.36.11"
      },
      "system": "x86_64-linux",
      "group": "toplevel",
      "priority": 5
    },
    {
      "attr_path": "python3",
      "broken": false,
      "derivation": "/nix/store/r64rcnyynpinf8l85b48ialiqrjmx0dv-python3-3.13.12.drv",
      "description": "High-level dynamically-typed programming language",
      "install_id": "python3",
      "license": "Python-2.0",
      "locked_url": "https://github.com/flox/nixpkgs?rev=9dcb002ca1690658be4a04645215baea8b95f31d",
      "name": "python3-3.13.12",
      "pname": "python3",
      "rev": "9dcb002ca1690658be4a04645215baea8b95f31d",
      "rev_count": 960399,
      "rev_date": "2026-03-08T09:52:19Z",
      "scrape_date": "2026-03-10T04:47:16.840276Z",
      "stabilities": [
        "unstable"
      ],
      "unfree": false,
      "version": "3.13.12",
      "outputs_to_install": [
        "out"
      ],
      "outputs": {
        "out": "/nix/store/h2y0a3x6hgznqq54rjszbi2x0rdnlgvb-python3-3.13.12"
      },
      "system": "aarch64-darwin",
      "group": "toplevel",
      "priority": 5
    },
    {
      "attr_path": "python3",
      "broken": false,
      "derivation": "/nix/store/1bl0sfah2gjhbgybi4w0dr0969yws25a-python3-3.13.12.drv",
      "description": "High-level dynamically-typed programming language",
      "install_id": "python3",
      "license": "Python-2.0",
      "locked_url": "https://github.com/flox/nixpkgs?rev=9dcb002ca1690658be4a04645215baea8b95f31d",
      "name": "python3-3.13.12",
      "pname": "python3",
      "rev": "9dcb002ca1690658be4a04645215baea8b95f31d",
      "rev_count": 960399,
      "rev_date": "2026-03-08T09:52:19Z",
      "scrape_date": "2026-03-10T05:24:00.775358Z",
      "stabilities": [
        "unstable"
      ],
      "unfree": false,
      "version": "3.13.12",
      "outputs_to_install": [
        "out",
        "out"
      ],
      "outputs": {
        "debug": "/nix/store/09i7jzzkrzl2hd2dlxgl8r2rxb7v0b72-python3-3.13.12-debug",
        "out": "/nix/store/jbxc3f1gbnnx5wwhby9z56w95k44n0sw-python3-3.13.12"
      },
      "system": "aarch64-linux",
      "group": "toplevel",
      "priority": 5
    },
    {
      "attr_path": "python3",
      "broken": false,
      "derivation": "/nix/store/kz8cs222p5jjbrplrsmf6xwg1k9krxn5-python3-3.13.12.drv",
      "description": "High-level dynamically-typed programming language",
      "install_id": "python3",
      "license": "Python-2.0",
      "locked_url": "https://github.com/flox/nixpkgs?rev=9dcb002ca1690658be4a04645215baea8b95f31d",
      "name": "python3-3.13.12",
      "pname": "python3",
      "rev": "9dcb002ca1690658be4a04645215baea8b95f31d",
      "rev_count": 960399,
      "rev_date": "2026-03-08T09:52:19Z",
      "scrape_date": "2026-03-10T06:04:31.283081Z",
      "stabilities": [
        "unstable"
      ],
      "unfree": false,
      "version": "3.13.12",
      "outputs_to_install": [
        "out"
      ],
      "outputs": {
        "out": "/nix/store/6lx7vd1lf0dsx5prsc915h0ibr1i7mci-python3-3.13.12"
      },
      "system": "x86_64-darwin",
      "group": "toplevel",
      "priority": 5
    },
    {
      "attr_path": "python3",
      "broken": false,
      "derivation": "/nix/store/pa77d4q4jilknq4zgakh8099frx4yyvy-python3-3.13.12.drv",
      "description": "High-level dynamically-typed programming language",
      "install_id": "python3",
      "license": "Python-2.0",
      "locked_url": "https://github.com/flox/nixpkgs?rev=9dcb002ca1690658be4a04645215baea8b95f31d",
      "name": "python3-3.13.12",
      "pname": "python3",
      "rev": "9dcb002ca1690658be4a04645215baea8b95f31d",
      "rev_count": 960399,
      "rev_date": "2026-03-08T09:52:19Z",
      "scrape_date": "2026-03-10T06:48:09.858994Z",
      "stabilities": [
        "unstable"
      ],
      "unfree": false,
      "version": "3.13.12",
      "outputs_to_install": [
        "out",
        "out"
      ],
      "outputs": {
        "debug": "/nix/store/9bwcfcgqklihjs89b0qfjlpl4wlbflkd-python3-3.13.12-debug",
        "out": "/nix/store/m1fw8l8y9ycxh5dzispbb7cwl6rra14l-python3-3.13.12"
      },
      "system": "x86_64-linux",
      "group": "toplevel",
      "priority": 5
    }
  ]
}
